// !$*UTF8*$!
{
	archiveVersion = 1;
	classes = {
	};
	objectVersion = 51;
	objects = {

/* Begin PBXBuildFile section */
		39A8B6ECE4F1FF1CD7A61F82 /* Pods_TechTalksPrimer.framework in Frameworks */ = {isa = PBXBuildFile; fileRef = 9743DCE0B508563B14129531 /* Pods_TechTalksPrimer.framework */; };
		FC2EDA1E237121A300288579 /* ChartService.swift in Sources */ = {isa = PBXBuildFile; fileRef = FC2EDA1C237121A300288579 /* ChartService.swift */; };
		FC2EDA1F237121A300288579 /* ChartSupplement.swift in Sources */ = {isa = PBXBuildFile; fileRef = FC2EDA1D237121A300288579 /* ChartSupplement.swift */; };
		FC2EDA2523712BED00288579 /* ChartSupplement.storyboard in Resources */ = {isa = PBXBuildFile; fileRef = FC2EDA2423712BED00288579 /* ChartSupplement.storyboard */; };
		FC2EDA2723712D6800288579 /* ChartSupplementTableViewController.swift in Sources */ = {isa = PBXBuildFile; fileRef = FC2EDA2623712D6800288579 /* ChartSupplementTableViewController.swift */; };
		FC2EDA2923712F2C00288579 /* ChartSupplementTableViewCell.swift in Sources */ = {isa = PBXBuildFile; fileRef = FC2EDA2823712F2C00288579 /* ChartSupplementTableViewCell.swift */; };
		FC2EDA2B23713DC100288579 /* ChartSupplement+Extensions.swift in Sources */ = {isa = PBXBuildFile; fileRef = FC2EDA2A23713DC100288579 /* ChartSupplement+Extensions.swift */; };
		FC9B055723711E5A004E3618 /* AppDelegate.swift in Sources */ = {isa = PBXBuildFile; fileRef = FC9B055623711E5A004E3618 /* AppDelegate.swift */; };
		FC9B055923711E5A004E3618 /* SceneDelegate.swift in Sources */ = {isa = PBXBuildFile; fileRef = FC9B055823711E5A004E3618 /* SceneDelegate.swift */; };
		FC9B055B23711E5A004E3618 /* ViewController.swift in Sources */ = {isa = PBXBuildFile; fileRef = FC9B055A23711E5A004E3618 /* ViewController.swift */; };
		FC9B055E23711E5A004E3618 /* Main.storyboard in Resources */ = {isa = PBXBuildFile; fileRef = FC9B055C23711E5A004E3618 /* Main.storyboard */; };
		FC9B056023711E5B004E3618 /* Assets.xcassets in Resources */ = {isa = PBXBuildFile; fileRef = FC9B055F23711E5B004E3618 /* Assets.xcassets */; };
		FC9B056323711E5B004E3618 /* LaunchScreen.storyboard in Resources */ = {isa = PBXBuildFile; fileRef = FC9B056123711E5B004E3618 /* LaunchScreen.storyboard */; };
/* End PBXBuildFile section */

/* Begin PBXFileReference section */
		23323E2973BBF717ABC77CF4 /* Pods-TechTalksPrimer.release.xcconfig */ = {isa = PBXFileReference; includeInIndex = 1; lastKnownFileType = text.xcconfig; name = "Pods-TechTalksPrimer.release.xcconfig"; path = "Target Support Files/Pods-TechTalksPrimer/Pods-TechTalksPrimer.release.xcconfig"; sourceTree = "<group>"; };
		9743DCE0B508563B14129531 /* Pods_TechTalksPrimer.framework */ = {isa = PBXFileReference; explicitFileType = wrapper.framework; includeInIndex = 0; path = Pods_TechTalksPrimer.framework; sourceTree = BUILT_PRODUCTS_DIR; };
		CA7DB957B4F6F5E56D303537 /* Pods-TechTalksPrimer.debug.xcconfig */ = {isa = PBXFileReference; includeInIndex = 1; lastKnownFileType = text.xcconfig; name = "Pods-TechTalksPrimer.debug.xcconfig"; path = "Target Support Files/Pods-TechTalksPrimer/Pods-TechTalksPrimer.debug.xcconfig"; sourceTree = "<group>"; };
		FC2EDA1C237121A300288579 /* ChartService.swift */ = {isa = PBXFileReference; fileEncoding = 4; lastKnownFileType = sourcecode.swift; path = ChartService.swift; sourceTree = "<group>"; };
		FC2EDA1D237121A300288579 /* ChartSupplement.swift */ = {isa = PBXFileReference; fileEncoding = 4; lastKnownFileType = sourcecode.swift; path = ChartSupplement.swift; sourceTree = "<group>"; };
		FC2EDA2423712BED00288579 /* ChartSupplement.storyboard */ = {isa = PBXFileReference; lastKnownFileType = file.storyboard; path = ChartSupplement.storyboard; sourceTree = "<group>"; };
		FC2EDA2623712D6800288579 /* ChartSupplementTableViewController.swift */ = {isa = PBXFileReference; lastKnownFileType = sourcecode.swift; path = ChartSupplementTableViewController.swift; sourceTree = "<group>"; };
		FC2EDA2823712F2C00288579 /* ChartSupplementTableViewCell.swift */ = {isa = PBXFileReference; lastKnownFileType = sourcecode.swift; path = ChartSupplementTableViewCell.swift; sourceTree = "<group>"; };
		FC2EDA2A23713DC100288579 /* ChartSupplement+Extensions.swift */ = {isa = PBXFileReference; lastKnownFileType = sourcecode.swift; path = "ChartSupplement+Extensions.swift"; sourceTree = "<group>"; };
		FC9B055323711E5A004E3618 /* TechTalksPrimer.app */ = {isa = PBXFileReference; explicitFileType = wrapper.application; includeInIndex = 0; path = TechTalksPrimer.app; sourceTree = BUILT_PRODUCTS_DIR; };
		FC9B055623711E5A004E3618 /* AppDelegate.swift */ = {isa = PBXFileReference; lastKnownFileType = sourcecode.swift; path = AppDelegate.swift; sourceTree = "<group>"; };
		FC9B055823711E5A004E3618 /* SceneDelegate.swift */ = {isa = PBXFileReference; lastKnownFileType = sourcecode.swift; path = SceneDelegate.swift; sourceTree = "<group>"; };
		FC9B055A23711E5A004E3618 /* ViewController.swift */ = {isa = PBXFileReference; lastKnownFileType = sourcecode.swift; path = ViewController.swift; sourceTree = "<group>"; };
		FC9B055D23711E5A004E3618 /* Base */ = {isa = PBXFileReference; lastKnownFileType = file.storyboard; name = Base; path = Base.lproj/Main.storyboard; sourceTree = "<group>"; };
		FC9B055F23711E5B004E3618 /* Assets.xcassets */ = {isa = PBXFileReference; lastKnownFileType = folder.assetcatalog; path = Assets.xcassets; sourceTree = "<group>"; };
		FC9B056223711E5B004E3618 /* Base */ = {isa = PBXFileReference; lastKnownFileType = file.storyboard; name = Base; path = Base.lproj/LaunchScreen.storyboard; sourceTree = "<group>"; };
		FC9B056423711E5B004E3618 /* Info.plist */ = {isa = PBXFileReference; lastKnownFileType = text.plist.xml; path = Info.plist; sourceTree = "<group>"; };
/* End PBXFileReference section */

/* Begin PBXFrameworksBuildPhase section */
		FC9B055023711E5A004E3618 /* Frameworks */ = {
			isa = PBXFrameworksBuildPhase;
			buildActionMask = 2147483647;
			files = (
				39A8B6ECE4F1FF1CD7A61F82 /* Pods_TechTalksPrimer.framework in Frameworks */,
			);
			runOnlyForDeploymentPostprocessing = 0;
		};
/* End PBXFrameworksBuildPhase section */

/* Begin PBXGroup section */
		273708BD8645F1B349D2FFFC /* Frameworks */ = {
			isa = PBXGroup;
			children = (
				9743DCE0B508563B14129531 /* Pods_TechTalksPrimer.framework */,
			);
			name = Frameworks;
			sourceTree = "<group>";
		};
		E27956942ED4D62746361AC9 /* Pods */ = {
			isa = PBXGroup;
			children = (
				CA7DB957B4F6F5E56D303537 /* Pods-TechTalksPrimer.debug.xcconfig */,
				23323E2973BBF717ABC77CF4 /* Pods-TechTalksPrimer.release.xcconfig */,
			);
			path = Pods;
			sourceTree = "<group>";
		};
		FC2EDA20237121A700288579 /* Models */ = {
			isa = PBXGroup;
			children = (
				FC2EDA1D237121A300288579 /* ChartSupplement.swift */,
				FC2EDA2A23713DC100288579 /* ChartSupplement+Extensions.swift */,
			);
			name = Models;
			sourceTree = "<group>";
		};
		FC2EDA22237121C300288579 /* Services */ = {
			isa = PBXGroup;
			children = (
				FC2EDA1C237121A300288579 /* ChartService.swift */,
			);
			name = Services;
			sourceTree = "<group>";
		};
		FC2EDA2323712BCF00288579 /* View */ = {
			isa = PBXGroup;
			children = (
				FC2EDA2423712BED00288579 /* ChartSupplement.storyboard */,
				FC2EDA2623712D6800288579 /* ChartSupplementTableViewController.swift */,
				FC2EDA2823712F2C00288579 /* ChartSupplementTableViewCell.swift */,
			);
			name = View;
			sourceTree = "<group>";
		};
		FC9B054A23711E5A004E3618 = {
			isa = PBXGroup;
			children = (
				FC9B055523711E5A004E3618 /* TechTalksPrimer */,
				FC9B055423711E5A004E3618 /* Products */,
				E27956942ED4D62746361AC9 /* Pods */,
				273708BD8645F1B349D2FFFC /* Frameworks */,
			);
			sourceTree = "<group>";
		};
		FC9B055423711E5A004E3618 /* Products */ = {
			isa = PBXGroup;
			children = (
				FC9B055323711E5A004E3618 /* TechTalksPrimer.app */,
			);
			name = Products;
			sourceTree = "<group>";
		};
		FC9B055523711E5A004E3618 /* TechTalksPrimer */ = {
			isa = PBXGroup;
			children = (
				FC2EDA2323712BCF00288579 /* View */,
				FC2EDA22237121C300288579 /* Services */,
				FC2EDA20237121A700288579 /* Models */,
				FC9B055623711E5A004E3618 /* AppDelegate.swift */,
				FC9B055823711E5A004E3618 /* SceneDelegate.swift */,
				FC9B055A23711E5A004E3618 /* ViewController.swift */,
				FC9B055C23711E5A004E3618 /* Main.storyboard */,
				FC9B055F23711E5B004E3618 /* Assets.xcassets */,
				FC9B056123711E5B004E3618 /* LaunchScreen.storyboard */,
				FC9B056423711E5B004E3618 /* Info.plist */,
			);
			path = TechTalksPrimer;
			sourceTree = "<group>";
		};
/* End PBXGroup section */

/* Begin PBXNativeTarget section */
		FC9B055223711E5A004E3618 /* TechTalksPrimer */ = {
			isa = PBXNativeTarget;
			buildConfigurationList = FC9B056723711E5B004E3618 /* Build configuration list for PBXNativeTarget "TechTalksPrimer" */;
			buildPhases = (
				5C4AA4374D9E72F1784D5383 /* [CP] Check Pods Manifest.lock */,
				FC9B054F23711E5A004E3618 /* Sources */,
				FC9B055023711E5A004E3618 /* Frameworks */,
				FC9B055123711E5A004E3618 /* Resources */,
				C0915E34C33301D2C1FE3D0B /* [CP] Embed Pods Frameworks */,
			);
			buildRules = (
			);
			dependencies = (
			);
			name = TechTalksPrimer;
			productName = TechTalksPrimer;
			productReference = FC9B055323711E5A004E3618 /* TechTalksPrimer.app */;
			productType = "com.apple.product-type.application";
		};
/* End PBXNativeTarget section */

/* Begin PBXProject section */
		FC9B054B23711E5A004E3618 /* Project object */ = {
			isa = PBXProject;
			attributes = {
				LastSwiftUpdateCheck = 1120;
				LastUpgradeCheck = 1120;
				ORGANIZATIONNAME = "Nicholas Neuberger";
				TargetAttributes = {
					FC9B055223711E5A004E3618 = {
						CreatedOnToolsVersion = 11.2;
					};
				};
			};
			buildConfigurationList = FC9B054E23711E5A004E3618 /* Build configuration list for PBXProject "TechTalksPrimer" */;
			compatibilityVersion = "Xcode 9.3";
			developmentRegion = en;
			hasScannedForEncodings = 0;
			knownRegions = (
				en,
				Base,
			);
			mainGroup = FC9B054A23711E5A004E3618;
			productRefGroup = FC9B055423711E5A004E3618 /* Products */;
			projectDirPath = "";
			projectRoot = "";
			targets = (
				FC9B055223711E5A004E3618 /* TechTalksPrimer */,
			);
		};
/* End PBXProject section */

/* Begin PBXResourcesBuildPhase section */
		FC9B055123711E5A004E3618 /* Resources */ = {
			isa = PBXResourcesBuildPhase;
			buildActionMask = 2147483647;
			files = (
				FC2EDA2523712BED00288579 /* ChartSupplement.storyboard in Resources */,
				FC9B056323711E5B004E3618 /* LaunchScreen.storyboard in Resources */,
				FC9B056023711E5B004E3618 /* Assets.xcassets in Resources */,
				FC9B055E23711E5A004E3618 /* Main.storyboard in Resources */,
			);
			runOnlyForDeploymentPostprocessing = 0;
		};
/* End PBXResourcesBuildPhase section */

/* Begin PBXShellScriptBuildPhase section */
		5C4AA4374D9E72F1784D5383 /* [CP] Check Pods Manifest.lock */ = {
			isa = PBXShellScriptBuildPhase;
			buildActionMask = 2147483647;
			files = (
			);
			inputFileListPaths = (
			);
			inputPaths = (
				"${PODS_PODFILE_DIR_PATH}/Podfile.lock",
				"${PODS_ROOT}/Manifest.lock",
			);
			name = "[CP] Check Pods Manifest.lock";
			outputFileListPaths = (
			);
			outputPaths = (
				"$(DERIVED_FILE_DIR)/Pods-TechTalksPrimer-checkManifestLockResult.txt",
			);
			runOnlyForDeploymentPostprocessing = 0;
			shellPath = /bin/sh;
			shellScript = "diff \"${PODS_PODFILE_DIR_PATH}/Podfile.lock\" \"${PODS_ROOT}/Manifest.lock\" > /dev/null\nif [ $? != 0 ] ; then\n    # print error to STDERR\n    echo \"error: The sandbox is not in sync with the Podfile.lock. Run 'pod install' or update your CocoaPods installation.\" >&2\n    exit 1\nfi\n# This output is used by Xcode 'outputs' to avoid re-running this script phase.\necho \"SUCCESS\" > \"${SCRIPT_OUTPUT_FILE_0}\"\n";
			showEnvVarsInLog = 0;
		};
		C0915E34C33301D2C1FE3D0B /* [CP] Embed Pods Frameworks */ = {
			isa = PBXShellScriptBuildPhase;
			buildActionMask = 2147483647;
			files = (
			);
			inputFileListPaths = (
				"${PODS_ROOT}/Target Support Files/Pods-TechTalksPrimer/Pods-TechTalksPrimer-frameworks-${CONFIGURATION}-input-files.xcfilelist",
			);
			name = "[CP] Embed Pods Frameworks";
			outputFileListPaths = (
				"${PODS_ROOT}/Target Support Files/Pods-TechTalksPrimer/Pods-TechTalksPrimer-frameworks-${CONFIGURATION}-output-files.xcfilelist",
			);
			runOnlyForDeploymentPostprocessing = 0;
			shellPath = /bin/sh;
			shellScript = "\"${PODS_ROOT}/Target Support Files/Pods-TechTalksPrimer/Pods-TechTalksPrimer-frameworks.sh\"\n";
			showEnvVarsInLog = 0;
		};
/* End PBXShellScriptBuildPhase section */

/* Begin PBXSourcesBuildPhase section */
		FC9B054F23711E5A004E3618 /* Sources */ = {
			isa = PBXSourcesBuildPhase;
			buildActionMask = 2147483647;
			files = (
				FC2EDA1F237121A300288579 /* ChartSupplement.swift in Sources */,
				FC2EDA1E237121A300288579 /* ChartService.swift in Sources */,
				FC2EDA2B23713DC100288579 /* ChartSupplement+Extensions.swift in Sources */,
				FC9B055B23711E5A004E3618 /* ViewController.swift in Sources */,
				FC2EDA2923712F2C00288579 /* ChartSupplementTableViewCell.swift in Sources */,
				FC9B055723711E5A004E3618 /* AppDelegate.swift in Sources */,
				FC9B055923711E5A004E3618 /* SceneDelegate.swift in Sources */,
				FC2EDA2723712D6800288579 /* ChartSupplementTableViewController.swift in Sources */,
			);
			runOnlyForDeploymentPostprocessing = 0;
		};
/* End PBXSourcesBuildPhase section */

/* Begin PBXVariantGroup section */
		FC9B055C23711E5A004E3618 /* Main.storyboard */ = {
			isa = PBXVariantGroup;
			children = (
				FC9B055D23711E5A004E3618 /* Base */,
			);
			name = Main.storyboard;
			sourceTree = "<group>";
		};
		FC9B056123711E5B004E3618 /* LaunchScreen.storyboard */ = {
			isa = PBXVariantGroup;
			children = (
				FC9B056223711E5B004E3618 /* Base */,
			);
			name = LaunchScreen.storyboard;
			sourceTree = "<group>";
		};
/* End PBXVariantGroup section */

/* Begin XCBuildConfiguration section */
		FC9B056523711E5B004E3618 /* Debug */ = {
			isa = XCBuildConfiguration;
			buildSettings = {
				ALWAYS_SEARCH_USER_PATHS = NO;
				CLANG_ANALYZER_NONNULL = YES;
				CLANG_ANALYZER_NUMBER_OBJECT_CONVERSION = YES_AGGRESSIVE;
				CLANG_CXX_LANGUAGE_STANDARD = "gnu++14";
				CLANG_CXX_LIBRARY = "libc++";
				CLANG_ENABLE_MODULES = YES;
				CLANG_ENABLE_OBJC_ARC = YES;
				CLANG_ENABLE_OBJC_WEAK = YES;
				CLANG_WARN_BLOCK_CAPTURE_AUTORELEASING = YES;
				CLANG_WARN_BOOL_CONVERSION = YES;
				CLANG_WARN_COMMA = YES;
				CLANG_WARN_CONSTANT_CONVERSION = YES;
				CLANG_WARN_DEPRECATED_OBJC_IMPLEMENTATIONS = YES;
				CLANG_WARN_DIRECT_OBJC_ISA_USAGE = YES_ERROR;
				CLANG_WARN_DOCUMENTATION_COMMENTS = YES;
				CLANG_WARN_EMPTY_BODY = YES;
				CLANG_WARN_ENUM_CONVERSION = YES;
				CLANG_WARN_INFINITE_RECURSION = YES;
				CLANG_WARN_INT_CONVERSION = YES;
				CLANG_WARN_NON_LITERAL_NULL_CONVERSION = YES;
				CLANG_WARN_OBJC_IMPLICIT_RETAIN_SELF = YES;
				CLANG_WARN_OBJC_LITERAL_CONVERSION = YES;
				CLANG_WARN_OBJC_ROOT_CLASS = YES_ERROR;
				CLANG_WARN_RANGE_LOOP_ANALYSIS = YES;
				CLANG_WARN_STRICT_PROTOTYPES = YES;
				CLANG_WARN_SUSPICIOUS_MOVE = YES;
				CLANG_WARN_UNGUARDED_AVAILABILITY = YES_AGGRESSIVE;
				CLANG_WARN_UNREACHABLE_CODE = YES;
				CLANG_WARN__DUPLICATE_METHOD_MATCH = YES;
				COPY_PHASE_STRIP = NO;
				DEBUG_INFORMATION_FORMAT = dwarf;
				ENABLE_STRICT_OBJC_MSGSEND = YES;
				ENABLE_TESTABILITY = YES;
				GCC_C_LANGUAGE_STANDARD = gnu11;
				GCC_DYNAMIC_NO_PIC = NO;
				GCC_NO_COMMON_BLOCKS = YES;
				GCC_OPTIMIZATION_LEVEL = 0;
				GCC_PREPROCESSOR_DEFINITIONS = (
					"DEBUG=1",
					"$(inherited)",
				);
				GCC_WARN_64_TO_32_BIT_CONVERSION = YES;
				GCC_WARN_ABOUT_RETURN_TYPE = YES_ERROR;
				GCC_WARN_UNDECLARED_SELECTOR = YES;
				GCC_WARN_UNINITIALIZED_AUTOS = YES_AGGRESSIVE;
				GCC_WARN_UNUSED_FUNCTION = YES;
				GCC_WARN_UNUSED_VARIABLE = YES;
				IPHONEOS_DEPLOYMENT_TARGET = 13.2;
				MTL_ENABLE_DEBUG_INFO = INCLUDE_SOURCE;
				MTL_FAST_MATH = YES;
				ONLY_ACTIVE_ARCH = YES;
				SDKROOT = iphoneos;
				SWIFT_ACTIVE_COMPILATION_CONDITIONS = DEBUG;
				SWIFT_OPTIMIZATION_LEVEL = "-Onone";
			};
			name = Debug;
		};
		FC9B056623711E5B004E3618 /* Release */ = {
			isa = XCBuildConfiguration;
			buildSettings = {
				ALWAYS_SEARCH_USER_PATHS = NO;
				CLANG_ANALYZER_NONNULL = YES;
				CLANG_ANALYZER_NUMBER_OBJECT_CONVERSION = YES_AGGRESSIVE;
				CLANG_CXX_LANGUAGE_STANDARD = "gnu++14";
				CLANG_CXX_LIBRARY = "libc++";
				CLANG_ENABLE_MODULES = YES;
				CLANG_ENABLE_OBJC_ARC = YES;
				CLANG_ENABLE_OBJC_WEAK = YES;
				CLANG_WARN_BLOCK_CAPTURE_AUTORELEASING = YES;
				CLANG_WARN_BOOL_CONVERSION = YES;
				CLANG_WARN_COMMA = YES;
				CLANG_WARN_CONSTANT_CONVERSION = YES;
				CLANG_WARN_DEPRECATED_OBJC_IMPLEMENTATIONS = YES;
				CLANG_WARN_DIRECT_OBJC_ISA_USAGE = YES_ERROR;
				CLANG_WARN_DOCUMENTATION_COMMENTS = YES;
				CLANG_WARN_EMPTY_BODY = YES;
				CLANG_WARN_ENUM_CONVERSION = YES;
				CLANG_WARN_INFINITE_RECURSION = YES;
				CLANG_WARN_INT_CONVERSION = YES;
				CLANG_WARN_NON_LITERAL_NULL_CONVERSION = YES;
				CLANG_WARN_OBJC_IMPLICIT_RETAIN_SELF = YES;
				CLANG_WARN_OBJC_LITERAL_CONVERSION = YES;
				CLANG_WARN_OBJC_ROOT_CLASS = YES_ERROR;
				CLANG_WARN_RANGE_LOOP_ANALYSIS = YES;
				CLANG_WARN_STRICT_PROTOTYPES = YES;
				CLANG_WARN_SUSPICIOUS_MOVE = YES;
				CLANG_WARN_UNGUARDED_AVAILABILITY = YES_AGGRESSIVE;
				CLANG_WARN_UNREACHABLE_CODE = YES;
				CLANG_WARN__DUPLICATE_METHOD_MATCH = YES;
				COPY_PHASE_STRIP = NO;
				DEBUG_INFORMATION_FORMAT = "dwarf-with-dsym";
				ENABLE_NS_ASSERTIONS = NO;
				ENABLE_STRICT_OBJC_MSGSEND = YES;
				GCC_C_LANGUAGE_STANDARD = gnu11;
				GCC_NO_COMMON_BLOCKS = YES;
				GCC_WARN_64_TO_32_BIT_CONVERSION = YES;
				GCC_WARN_ABOUT_RETURN_TYPE = YES_ERROR;
				GCC_WARN_UNDECLARED_SELECTOR = YES;
				GCC_WARN_UNINITIALIZED_AUTOS = YES_AGGRESSIVE;
				GCC_WARN_UNUSED_FUNCTION = YES;
				GCC_WARN_UNUSED_VARIABLE = YES;
				IPHONEOS_DEPLOYMENT_TARGET = 13.2;
				MTL_ENABLE_DEBUG_INFO = NO;
				MTL_FAST_MATH = YES;
				SDKROOT = iphoneos;
				SWIFT_COMPILATION_MODE = wholemodule;
				SWIFT_OPTIMIZATION_LEVEL = "-O";
				VALIDATE_PRODUCT = YES;
			};
			name = Release;
		};
		FC9B056823711E5B004E3618 /* Debug */ = {
			isa = XCBuildConfiguration;
			baseConfigurationReference = CA7DB957B4F6F5E56D303537 /* Pods-TechTalksPrimer.debug.xcconfig */;
			buildSettings = {
				ASSETCATALOG_COMPILER_APPICON_NAME = AppIcon;
				CODE_SIGN_STYLE = Automatic;
				INFOPLIST_FILE = TechTalksPrimer/Info.plist;
				LD_RUNPATH_SEARCH_PATHS = (
					"$(inherited)",
					"@executable_path/Frameworks",
				);
				PRODUCT_BUNDLE_IDENTIFIER = com.nneuberger1.TechTalksPrimer;
				PRODUCT_NAME = "$(TARGET_NAME)";
				SWIFT_VERSION = 5.0;
				TARGETED_DEVICE_FAMILY = "1,2";
			};
			name = Debug;
		};
		FC9B056923711E5B004E3618 /* Release */ = {
			isa = XCBuildConfiguration;
			baseConfigurationReference = 23323E2973BBF717ABC77CF4 /* Pods-TechTalksPrimer.release.xcconfig */;
			buildSettings = {
				ASSETCATALOG_COMPILER_APPICON_NAME = AppIcon;
				CODE_SIGN_STYLE = Automatic;
				INFOPLIST_FILE = TechTalksPrimer/Info.plist;
				LD_RUNPATH_SEARCH_PATHS = (
					"$(inherited)",
					"@executable_path/Frameworks",
				);
				PRODUCT_BUNDLE_IDENTIFIER = com.nneuberger1.TechTalksPrimer;
				PRODUCT_NAME = "$(TARGET_NAME)";
				SWIFT_VERSION = 5.0;
				TARGETED_DEVICE_FAMILY = "1,2";
			};
			name = Release;
		};
/* End XCBuildConfiguration section */

/* Begin XCConfigurationList section */
		FC9B054E23711E5A004E3618 /* Build configuration list for PBXProject "TechTalksPrimer" */ = {
			isa = XCConfigurationList;
			buildConfigurations = (
				FC9B056523711E5B004E3618 /* Debug */,
				FC9B056623711E5B004E3618 /* Release */,
			);
			defaultConfigurationIsVisible = 0;
			defaultConfigurationName = Release;
		};
		FC9B056723711E5B004E3618 /* Build configuration list for PBXNativeTarget "TechTalksPrimer" */ = {
			isa = XCConfigurationList;
			buildConfigurations = (
				FC9B056823711E5B004E3618 /* Debug */,
				FC9B056923711E5B004E3618 /* Release */,
			);
			defaultConfigurationIsVisible = 0;
			defaultConfigurationName = Release;
		};
/* End XCConfigurationList section */
	};
	rootObject = FC9B054B23711E5A004E3618 /* Project object */;
}
